{
  "requires": true,
  "lockfileVersion": 1,
  "dependencies": {
    "@capacitor/ios": {
      "version": "2.4.6",
      "resolved": "https://registry.npmjs.org/@capacitor/ios/-/ios-2.4.6.tgz",
      "integrity": "sha512-/IMmgVUgQgMm1Yv5CaWhZ9UTkVh5GFDX1vFZOB0bMu5v5jkolO/9SLyjbqogDNE2EIl9GuH6RSqZaOh2Xu2Ebg=="
    }
  }
}
