// !$*UTF8*$!
{
	archiveVersion = 1;
	classes = {
	};
	objectVersion = 51;
	objects = {

/* Begin PBXBuildFile section */
		3403447B25DF69DE006B77D5 /* DatabaseManager.swift in Sources */ = {isa = PBXBuildFile; fileRef = 3403447A25DF69DE006B77D5 /* DatabaseManager.swift */; };
		340344F025DF9C5D006B77D5 /* ChatViewController.swift in Sources */ = {isa = PBXBuildFile; fileRef = 340344EF25DF9C5C006B77D5 /* ChatViewController.swift */; };
		3403453A25DFA1B8006B77D5 /* StorageManager.swift in Sources */ = {isa = PBXBuildFile; fileRef = 3403453925DFA1B8006B77D5 /* StorageManager.swift */; };
		3403457A25DFAE54006B77D5 /* LocationPickerViewController.swift in Sources */ = {isa = PBXBuildFile; fileRef = 3403457925DFAE54006B77D5 /* LocationPickerViewController.swift */; };
		3403459D25DFAFD6006B77D5 /* ConversationTableViewCell.swift in Sources */ = {isa = PBXBuildFile; fileRef = 3403459C25DFAFD6006B77D5 /* ConversationTableViewCell.swift */; };
		340345A025DFB045006B77D5 /* NewConversationCell.swift in Sources */ = {isa = PBXBuildFile; fileRef = 3403459F25DFB045006B77D5 /* NewConversationCell.swift */; };
		340345A325DFB663006B77D5 /* ChatModels.swift in Sources */ = {isa = PBXBuildFile; fileRef = 340345A225DFB663006B77D5 /* ChatModels.swift */; };
		340345A625DFB6D6006B77D5 /* ConversationsModels.swift in Sources */ = {isa = PBXBuildFile; fileRef = 340345A525DFB6D6006B77D5 /* ConversationsModels.swift */; };
		340345A925DFB701006B77D5 /* ProfileViewModel.swift in Sources */ = {isa = PBXBuildFile; fileRef = 340345A825DFB701006B77D5 /* ProfileViewModel.swift */; };
		340345AC25DFB728006B77D5 /* SearchResult.swift in Sources */ = {isa = PBXBuildFile; fileRef = 340345AB25DFB728006B77D5 /* SearchResult.swift */; };
		345B979125E3713E00A3C4D0 /* RecordingsViewController.swift in Sources */ = {isa = PBXBuildFile; fileRef = 345B979025E3713E00A3C4D0 /* RecordingsViewController.swift */; };
		345B979425E371A400A3C4D0 /* MainViewController.swift in Sources */ = {isa = PBXBuildFile; fileRef = 345B979325E371A400A3C4D0 /* MainViewController.swift */; };
		345B979825E371F700A3C4D0 /* RecorderViewController.swift in Sources */ = {isa = PBXBuildFile; fileRef = 345B979725E371F700A3C4D0 /* RecorderViewController.swift */; };
		345B979C25E3724700A3C4D0 /* RecordingButton.swift in Sources */ = {isa = PBXBuildFile; fileRef = 345B979B25E3724700A3C4D0 /* RecordingButton.swift */; };
		345B979F25E3726800A3C4D0 /* RecordButtonKit.swift in Sources */ = {isa = PBXBuildFile; fileRef = 345B979E25E3726800A3C4D0 /* RecordButtonKit.swift */; };
		345B97A325E3732200A3C4D0 /* AudioVisualizerView.swift in Sources */ = {isa = PBXBuildFile; fileRef = 345B97A225E3732200A3C4D0 /* AudioVisualizerView.swift */; };
		345B97A725E37DCA00A3C4D0 /* RecordViewController.swift in Sources */ = {isa = PBXBuildFile; fileRef = 345B97A625E37DCA00A3C4D0 /* RecordViewController.swift */; };
		349FBEAF25DF31960093B8D2 /* GoogleService-Info.plist in Resources */ = {isa = PBXBuildFile; fileRef = 349FBEAE25DF31960093B8D2 /* GoogleService-Info.plist */; };
		34C2A40A25D7B0930029A781 /* AppDelegate.swift in Sources */ = {isa = PBXBuildFile; fileRef = 34C2A40925D7B0930029A781 /* AppDelegate.swift */; };
		34C2A40C25D7B0930029A781 /* SceneDelegate.swift in Sources */ = {isa = PBXBuildFile; fileRef = 34C2A40B25D7B0930029A781 /* SceneDelegate.swift */; };
		34C2A40E25D7B0930029A781 /* ConversationsViewController.swift in Sources */ = {isa = PBXBuildFile; fileRef = 34C2A40D25D7B0930029A781 /* ConversationsViewController.swift */; };
		34C2A41125D7B0930029A781 /* Main.storyboard in Resources */ = {isa = PBXBuildFile; fileRef = 34C2A40F25D7B0930029A781 /* Main.storyboard */; };
		34C2A41325D7B0940029A781 /* Assets.xcassets in Resources */ = {isa = PBXBuildFile; fileRef = 34C2A41225D7B0940029A781 /* Assets.xcassets */; };
		34C2A41625D7B0940029A781 /* LaunchScreen.storyboard in Resources */ = {isa = PBXBuildFile; fileRef = 34C2A41425D7B0940029A781 /* LaunchScreen.storyboard */; };
		34C2A42725D7B2440029A781 /* LoginViewController.swift in Sources */ = {isa = PBXBuildFile; fileRef = 34C2A42625D7B2440029A781 /* LoginViewController.swift */; };
		34C2A42B25D7B25B0029A781 /* RegisterViewController.swift in Sources */ = {isa = PBXBuildFile; fileRef = 34C2A42A25D7B25B0029A781 /* RegisterViewController.swift */; };
		34C2A42E25D7B2760029A781 /* PhotoViewerViewController.swift in Sources */ = {isa = PBXBuildFile; fileRef = 34C2A42D25D7B2760029A781 /* PhotoViewerViewController.swift */; };
		34C2A43425D7B2AD0029A781 /* NewConversationViewController.swift in Sources */ = {isa = PBXBuildFile; fileRef = 34C2A43325D7B2AC0029A781 /* NewConversationViewController.swift */; };
		34C2A43725D7B2C10029A781 /* ProfileViewController.swift in Sources */ = {isa = PBXBuildFile; fileRef = 34C2A43625D7B2C10029A781 /* ProfileViewController.swift */; };
		34C2A43D25D7C3620029A781 /* Extensions.swift in Sources */ = {isa = PBXBuildFile; fileRef = 34C2A43C25D7C3620029A781 /* Extensions.swift */; };
		A6D03D5CA790F1EB5496E2FB /* Pods_Messenger.framework in Frameworks */ = {isa = PBXBuildFile; fileRef = 8E4E7E418F4369BC9BECBAF5 /* Pods_Messenger.framework */; };
/* End PBXBuildFile section */

/* Begin PBXContainerItemProxy section */
		340344C925DF9221006B77D5 /* PBXContainerItemProxy */ = {
			isa = PBXContainerItemProxy;
			containerPortal = 349FBEB125DF32A40093B8D2 /* Pods.xcodeproj */;
			proxyType = 2;
			remoteGlobalIDString = 3FD1B4C1246D643E9476438C28048FA8;
			remoteInfo = AppAuth;
		};
		340344CB25DF9221006B77D5 /* PBXContainerItemProxy */ = {
			isa = PBXContainerItemProxy;
			containerPortal = 349FBEB125DF32A40093B8D2 /* Pods.xcodeproj */;
			proxyType = 2;
			remoteGlobalIDString = EC8F4D0BE3B0C192EBA4A93F8887D89F;
			remoteInfo = FBSDKCoreKit;
		};
		340344CD25DF9221006B77D5 /* PBXContainerItemProxy */ = {
			isa = PBXContainerItemProxy;
			containerPortal = 349FBEB125DF32A40093B8D2 /* Pods.xcodeproj */;
			proxyType = 2;
			remoteGlobalIDString = 5DE0FEFC3995E740EC1AE2611D0AEFB0;
			remoteInfo = FBSDKLoginKit;
		};
		340344CF25DF9221006B77D5 /* PBXContainerItemProxy */ = {
			isa = PBXContainerItemProxy;
			containerPortal = 349FBEB125DF32A40093B8D2 /* Pods.xcodeproj */;
			proxyType = 2;
			remoteGlobalIDString = 6FD122EA0AB9AB2A8FFA5F676C795DF0;
			remoteInfo = GTMAppAuth;
		};
		3403450C25DF9C5D006B77D5 /* PBXContainerItemProxy */ = {
			isa = PBXContainerItemProxy;
			containerPortal = 349FBEB125DF32A40093B8D2 /* Pods.xcodeproj */;
			proxyType = 2;
			remoteGlobalIDString = B81513B0B3333500DFFB1B1B179FB571;
			remoteInfo = InputBarAccessoryView;
		};
		3403450E25DF9C5D006B77D5 /* PBXContainerItemProxy */ = {
			isa = PBXContainerItemProxy;
			containerPortal = 349FBEB125DF32A40093B8D2 /* Pods.xcodeproj */;
			proxyType = 2;
			remoteGlobalIDString = 7FBAFAA66E9C7401884F439AE8BC662C;
			remoteInfo = JGProgressHUD;
		};
		3403451025DF9C5D006B77D5 /* PBXContainerItemProxy */ = {
			isa = PBXContainerItemProxy;
			containerPortal = 349FBEB125DF32A40093B8D2 /* Pods.xcodeproj */;
			proxyType = 2;
			remoteGlobalIDString = 15A68A8F33BD9EB9AFD02465B0418BCF;
			remoteInfo = MessageKit;
		};
		3403451225DF9C5D006B77D5 /* PBXContainerItemProxy */ = {
			isa = PBXContainerItemProxy;
			containerPortal = 349FBEB125DF32A40093B8D2 /* Pods.xcodeproj */;
			proxyType = 2;
			remoteGlobalIDString = 8DD5B759AAB8D741C6874A6ADBB63976;
			remoteInfo = "MessageKit-MessageKit";
		};
		3403451425DF9C5D006B77D5 /* PBXContainerItemProxy */ = {
			isa = PBXContainerItemProxy;
			containerPortal = 349FBEB125DF32A40093B8D2 /* Pods.xcodeproj */;
			proxyType = 2;
			remoteGlobalIDString = 921BE4A82C4A7A5C72A0C6F8B8FEF200;
			remoteInfo = Realm;
		};
		3403451625DF9C5D006B77D5 /* PBXContainerItemProxy */ = {
			isa = PBXContainerItemProxy;
			containerPortal = 349FBEB125DF32A40093B8D2 /* Pods.xcodeproj */;
			proxyType = 2;
			remoteGlobalIDString = 437919EE08EC6BFCCBAC3BD346309742;
			remoteInfo = RealmSwift;
		};
		3403451825DF9C5D006B77D5 /* PBXContainerItemProxy */ = {
			isa = PBXContainerItemProxy;
			containerPortal = 349FBEB125DF32A40093B8D2 /* Pods.xcodeproj */;
			proxyType = 2;
			remoteGlobalIDString = B0B214D775196BA7CA8E17E53048A493;
			remoteInfo = SDWebImage;
		};
		3403455725DFA1B9006B77D5 /* PBXContainerItemProxy */ = {
			isa = PBXContainerItemProxy;
			containerPortal = 349FBEB125DF32A40093B8D2 /* Pods.xcodeproj */;
			proxyType = 2;
			remoteGlobalIDString = 9CF8FA5F01F446F01AAC7331075452AD;
			remoteInfo = FirebaseStorage;
		};
		3403459825DFAE55006B77D5 /* PBXContainerItemProxy */ = {
			isa = PBXContainerItemProxy;
			containerPortal = 349FBEB125DF32A40093B8D2 /* Pods.xcodeproj */;
			proxyType = 2;
			remoteGlobalIDString = 86375444C196BA272DDBB8165BF64A15;
			remoteInfo = FirebaseCrashlytics;
		};
		345B97E925E380F000A3C4D0 /* PBXContainerItemProxy */ = {
			isa = PBXContainerItemProxy;
			containerPortal = 349FBEB125DF32A40093B8D2 /* Pods.xcodeproj */;
			proxyType = 2;
			remoteGlobalIDString = 6E87F128D99E2CC3AFB7243CE45DE0C4;
			remoteInfo = PRTween;
		};
		349FBEC325DF32A40093B8D2 /* PBXContainerItemProxy */ = {
			isa = PBXContainerItemProxy;
			containerPortal = 349FBEB125DF32A40093B8D2 /* Pods.xcodeproj */;
			proxyType = 2;
			remoteGlobalIDString = 43B1E4CD7B30B9FD278100133C2AC788;
			remoteInfo = FirebaseAuth;
		};
		349FBEC525DF32A40093B8D2 /* PBXContainerItemProxy */ = {
			isa = PBXContainerItemProxy;
			containerPortal = 349FBEB125DF32A40093B8D2 /* Pods.xcodeproj */;
			proxyType = 2;
			remoteGlobalIDString = E2B63D462DB7F827C4B11FD51E4F8E2D;
			remoteInfo = FirebaseCore;
		};
		349FBEC725DF32A40093B8D2 /* PBXContainerItemProxy */ = {
			isa = PBXContainerItemProxy;
			containerPortal = 349FBEB125DF32A40093B8D2 /* Pods.xcodeproj */;
			proxyType = 2;
			remoteGlobalIDString = 8CC9178C366942FD6FF6A115604EAD58;
			remoteInfo = FirebaseCoreDiagnostics;
		};
		349FBEC925DF32A40093B8D2 /* PBXContainerItemProxy */ = {
			isa = PBXContainerItemProxy;
			containerPortal = 349FBEB125DF32A40093B8D2 /* Pods.xcodeproj */;
			proxyType = 2;
			remoteGlobalIDString = 51671C73F008B5C0C3751B3855999213;
			remoteInfo = FirebaseDatabase;
		};
		349FBECB25DF32A40093B8D2 /* PBXContainerItemProxy */ = {
			isa = PBXContainerItemProxy;
			containerPortal = 349FBEB125DF32A40093B8D2 /* Pods.xcodeproj */;
			proxyType = 2;
			remoteGlobalIDString = 13C8C8B254851998F9289F71229B28A2;
			remoteInfo = FirebaseInstallations;
		};
		349FBECD25DF32A40093B8D2 /* PBXContainerItemProxy */ = {
			isa = PBXContainerItemProxy;
			containerPortal = 349FBEB125DF32A40093B8D2 /* Pods.xcodeproj */;
			proxyType = 2;
			remoteGlobalIDString = 856B5CD56F194FAD26EA91620B66D614;
			remoteInfo = GoogleDataTransport;
		};
		349FBECF25DF32A40093B8D2 /* PBXContainerItemProxy */ = {
			isa = PBXContainerItemProxy;
			containerPortal = 349FBEB125DF32A40093B8D2 /* Pods.xcodeproj */;
			proxyType = 2;
			remoteGlobalIDString = B43874C6CBB50E7134FBEC24BABFE14F;
			remoteInfo = GoogleUtilities;
		};
		349FBED125DF32A40093B8D2 /* PBXContainerItemProxy */ = {
			isa = PBXContainerItemProxy;
			containerPortal = 349FBEB125DF32A40093B8D2 /* Pods.xcodeproj */;
			proxyType = 2;
			remoteGlobalIDString = C1998E0D8085221AD87F89B614C10E52;
			remoteInfo = GTMSessionFetcher;
		};
		349FBED325DF32A40093B8D2 /* PBXContainerItemProxy */ = {
			isa = PBXContainerItemProxy;
			containerPortal = 349FBEB125DF32A40093B8D2 /* Pods.xcodeproj */;
			proxyType = 2;
			remoteGlobalIDString = 0A9F46A999C47653013D3AD854352507;
			remoteInfo = "leveldb-library";
		};
		349FBED525DF32A40093B8D2 /* PBXContainerItemProxy */ = {
			isa = PBXContainerItemProxy;
			containerPortal = 349FBEB125DF32A40093B8D2 /* Pods.xcodeproj */;
			proxyType = 2;
			remoteGlobalIDString = 06FC5C9CF96D60C50FCD47D339C91951;
			remoteInfo = nanopb;
		};
		349FBED725DF32A40093B8D2 /* PBXContainerItemProxy */ = {
			isa = PBXContainerItemProxy;
			containerPortal = 349FBEB125DF32A40093B8D2 /* Pods.xcodeproj */;
			proxyType = 2;
			remoteGlobalIDString = DAD50255B9B4AB2D43A945BAD2322B03;
			remoteInfo = "Pods-Messenger";
		};
		349FBED925DF32A40093B8D2 /* PBXContainerItemProxy */ = {
			isa = PBXContainerItemProxy;
			containerPortal = 349FBEB125DF32A40093B8D2 /* Pods.xcodeproj */;
			proxyType = 2;
			remoteGlobalIDString = 3347A1AB6546F0A3977529B8F199DC41;
			remoteInfo = PromisesObjC;
		};
/* End PBXContainerItemProxy section */

/* Begin PBXFileReference section */
		3403447A25DF69DE006B77D5 /* DatabaseManager.swift */ = {isa = PBXFileReference; lastKnownFileType = sourcecode.swift; path = DatabaseManager.swift; sourceTree = "<group>"; };
		340344EF25DF9C5C006B77D5 /* ChatViewController.swift */ = {isa = PBXFileReference; lastKnownFileType = sourcecode.swift; path = ChatViewController.swift; sourceTree = "<group>"; };
		3403453925DFA1B8006B77D5 /* StorageManager.swift */ = {isa = PBXFileReference; lastKnownFileType = sourcecode.swift; path = StorageManager.swift; sourceTree = "<group>"; };
		3403457925DFAE54006B77D5 /* LocationPickerViewController.swift */ = {isa = PBXFileReference; lastKnownFileType = sourcecode.swift; path = LocationPickerViewController.swift; sourceTree = "<group>"; };
		3403459C25DFAFD6006B77D5 /* ConversationTableViewCell.swift */ = {isa = PBXFileReference; lastKnownFileType = sourcecode.swift; path = ConversationTableViewCell.swift; sourceTree = "<group>"; };
		3403459F25DFB045006B77D5 /* NewConversationCell.swift */ = {isa = PBXFileReference; lastKnownFileType = sourcecode.swift; path = NewConversationCell.swift; sourceTree = "<group>"; };
		340345A225DFB663006B77D5 /* ChatModels.swift */ = {isa = PBXFileReference; lastKnownFileType = sourcecode.swift; path = ChatModels.swift; sourceTree = "<group>"; };
		340345A525DFB6D6006B77D5 /* ConversationsModels.swift */ = {isa = PBXFileReference; lastKnownFileType = sourcecode.swift; path = ConversationsModels.swift; sourceTree = "<group>"; };
		340345A825DFB701006B77D5 /* ProfileViewModel.swift */ = {isa = PBXFileReference; lastKnownFileType = sourcecode.swift; path = ProfileViewModel.swift; sourceTree = "<group>"; };
		340345AB25DFB728006B77D5 /* SearchResult.swift */ = {isa = PBXFileReference; lastKnownFileType = sourcecode.swift; path = SearchResult.swift; sourceTree = "<group>"; };
		345B979025E3713E00A3C4D0 /* RecordingsViewController.swift */ = {isa = PBXFileReference; lastKnownFileType = sourcecode.swift; path = RecordingsViewController.swift; sourceTree = "<group>"; };
		345B979325E371A400A3C4D0 /* MainViewController.swift */ = {isa = PBXFileReference; lastKnownFileType = sourcecode.swift; path = MainViewController.swift; sourceTree = "<group>"; };
		345B979725E371F700A3C4D0 /* RecorderViewController.swift */ = {isa = PBXFileReference; lastKnownFileType = sourcecode.swift; path = RecorderViewController.swift; sourceTree = "<group>"; };
		345B979B25E3724700A3C4D0 /* RecordingButton.swift */ = {isa = PBXFileReference; lastKnownFileType = sourcecode.swift; path = RecordingButton.swift; sourceTree = "<group>"; };
		345B979E25E3726800A3C4D0 /* RecordButtonKit.swift */ = {isa = PBXFileReference; lastKnownFileType = sourcecode.swift; path = RecordButtonKit.swift; sourceTree = "<group>"; };
		345B97A225E3732200A3C4D0 /* AudioVisualizerView.swift */ = {isa = PBXFileReference; lastKnownFileType = sourcecode.swift; path = AudioVisualizerView.swift; sourceTree = "<group>"; };
		345B97A625E37DCA00A3C4D0 /* RecordViewController.swift */ = {isa = PBXFileReference; lastKnownFileType = sourcecode.swift; path = RecordViewController.swift; sourceTree = "<group>"; };
		345B97CA25E380EF00A3C4D0 /* Messenger-Bridging-Header.h */ = {isa = PBXFileReference; lastKnownFileType = sourcecode.c.h; path = "Messenger-Bridging-Header.h"; sourceTree = "<group>"; };
		349FBEAE25DF31960093B8D2 /* GoogleService-Info.plist */ = {isa = PBXFileReference; fileEncoding = 4; lastKnownFileType = text.plist.xml; name = "GoogleService-Info.plist"; path = "../../../GoogleService-Info.plist"; sourceTree = "<group>"; };
		349FBEB125DF32A40093B8D2 /* Pods.xcodeproj */ = {isa = PBXFileReference; lastKnownFileType = "wrapper.pb-project"; name = Pods.xcodeproj; path = Pods/Pods.xcodeproj; sourceTree = "<group>"; };
		34C2A40625D7B0930029A781 /* Messenger.app */ = {isa = PBXFileReference; explicitFileType = wrapper.application; includeInIndex = 0; path = Messenger.app; sourceTree = BUILT_PRODUCTS_DIR; };
		34C2A40925D7B0930029A781 /* AppDelegate.swift */ = {isa = PBXFileReference; lastKnownFileType = sourcecode.swift; path = AppDelegate.swift; sourceTree = "<group>"; };
		34C2A40B25D7B0930029A781 /* SceneDelegate.swift */ = {isa = PBXFileReference; lastKnownFileType = sourcecode.swift; path = SceneDelegate.swift; sourceTree = "<group>"; };
		34C2A40D25D7B0930029A781 /* ConversationsViewController.swift */ = {isa = PBXFileReference; lastKnownFileType = sourcecode.swift; path = ConversationsViewController.swift; sourceTree = "<group>"; };
		34C2A41025D7B0930029A781 /* Base */ = {isa = PBXFileReference; lastKnownFileType = file.storyboard; name = Base; path = Base.lproj/Main.storyboard; sourceTree = "<group>"; };
		34C2A41225D7B0940029A781 /* Assets.xcassets */ = {isa = PBXFileReference; lastKnownFileType = folder.assetcatalog; path = Assets.xcassets; sourceTree = "<group>"; };
		34C2A41525D7B0940029A781 /* Base */ = {isa = PBXFileReference; lastKnownFileType = file.storyboard; name = Base; path = Base.lproj/LaunchScreen.storyboard; sourceTree = "<group>"; };
		34C2A41725D7B0940029A781 /* Info.plist */ = {isa = PBXFileReference; lastKnownFileType = text.plist.xml; path = Info.plist; sourceTree = "<group>"; };
		34C2A42625D7B2440029A781 /* LoginViewController.swift */ = {isa = PBXFileReference; lastKnownFileType = sourcecode.swift; path = LoginViewController.swift; sourceTree = "<group>"; };
		34C2A42A25D7B25B0029A781 /* RegisterViewController.swift */ = {isa = PBXFileReference; lastKnownFileType = sourcecode.swift; path = RegisterViewController.swift; sourceTree = "<group>"; };
		34C2A42D25D7B2760029A781 /* PhotoViewerViewController.swift */ = {isa = PBXFileReference; lastKnownFileType = sourcecode.swift; path = PhotoViewerViewController.swift; sourceTree = "<group>"; };
		34C2A43325D7B2AC0029A781 /* NewConversationViewController.swift */ = {isa = PBXFileReference; lastKnownFileType = sourcecode.swift; path = NewConversationViewController.swift; sourceTree = "<group>"; };
		34C2A43625D7B2C10029A781 /* ProfileViewController.swift */ = {isa = PBXFileReference; lastKnownFileType = sourcecode.swift; path = ProfileViewController.swift; sourceTree = "<group>"; };
		34C2A43C25D7C3620029A781 /* Extensions.swift */ = {isa = PBXFileReference; lastKnownFileType = sourcecode.swift; path = Extensions.swift; sourceTree = "<group>"; };
		3A0912A8A5D23F36D925266C /* Pods-Messenger.debug.xcconfig */ = {isa = PBXFileReference; includeInIndex = 1; lastKnownFileType = text.xcconfig; name = "Pods-Messenger.debug.xcconfig"; path = "Target Support Files/Pods-Messenger/Pods-Messenger.debug.xcconfig"; sourceTree = "<group>"; };
		40D9928E08C312BDD0724EE6 /* Pods-Messenger.release.xcconfig */ = {isa = PBXFileReference; includeInIndex = 1; lastKnownFileType = text.xcconfig; name = "Pods-Messenger.release.xcconfig"; path = "Target Support Files/Pods-Messenger/Pods-Messenger.release.xcconfig"; sourceTree = "<group>"; };
		8E4E7E418F4369BC9BECBAF5 /* Pods_Messenger.framework */ = {isa = PBXFileReference; explicitFileType = wrapper.framework; includeInIndex = 0; path = Pods_Messenger.framework; sourceTree = BUILT_PRODUCTS_DIR; };
/* End PBXFileReference section */

/* Begin PBXFrameworksBuildPhase section */
		34C2A40325D7B0930029A781 /* Frameworks */ = {
			isa = PBXFrameworksBuildPhase;
			buildActionMask = 2147483647;
			files = (
				A6D03D5CA790F1EB5496E2FB /* Pods_Messenger.framework in Frameworks */,
			);
			runOnlyForDeploymentPostprocessing = 0;
		};
/* End PBXFrameworksBuildPhase section */

/* Begin PBXGroup section */
		0FAD8B666A7933D52CE72B93 /* Frameworks */ = {
			isa = PBXGroup;
			children = (
				349FBEB125DF32A40093B8D2 /* Pods.xcodeproj */,
				8E4E7E418F4369BC9BECBAF5 /* Pods_Messenger.framework */,
			);
			name = Frameworks;
			sourceTree = "<group>";
		};
		1123C806775F00672A4B07F8 /* Pods */ = {
			isa = PBXGroup;
			children = (
				3A0912A8A5D23F36D925266C /* Pods-Messenger.debug.xcconfig */,
				40D9928E08C312BDD0724EE6 /* Pods-Messenger.release.xcconfig */,
			);
			path = Pods;
			sourceTree = "<group>";
		};
		345B979625E371CC00A3C4D0 /* RecorderView */ = {
			isa = PBXGroup;
			children = (
				345B979A25E3721B00A3C4D0 /* RecordingButton */,
				345B979725E371F700A3C4D0 /* RecorderViewController.swift */,
			);
			path = RecorderView;
			sourceTree = "<group>";
		};
		345B979A25E3721B00A3C4D0 /* RecordingButton */ = {
			isa = PBXGroup;
			children = (
				345B979B25E3724700A3C4D0 /* RecordingButton.swift */,
				345B979E25E3726800A3C4D0 /* RecordButtonKit.swift */,
			);
			path = RecordingButton;
			sourceTree = "<group>";
		};
		345B97A125E372E200A3C4D0 /* Custom Views */ = {
			isa = PBXGroup;
			children = (
				345B97A225E3732200A3C4D0 /* AudioVisualizerView.swift */,
			);
			path = "Custom Views";
			sourceTree = "<group>";
		};
		345B97EB25E3812F00A3C4D0 /* Objective-C Bridge */ = {
			isa = PBXGroup;
			children = (
				345B97CA25E380EF00A3C4D0 /* Messenger-Bridging-Header.h */,
			);
			path = "Objective-C Bridge";
			sourceTree = "<group>";
		};
		349FBEB225DF32A40093B8D2 /* Products */ = {
			isa = PBXGroup;
			children = (
				340344CA25DF9221006B77D5 /* AppAuth.framework */,
				340344CC25DF9221006B77D5 /* FBSDKCoreKit.framework */,
				340344CE25DF9221006B77D5 /* FBSDKLoginKit.framework */,
				349FBEC425DF32A40093B8D2 /* FirebaseAuth.framework */,
				349FBEC625DF32A40093B8D2 /* FirebaseCore.framework */,
				349FBEC825DF32A40093B8D2 /* FirebaseCoreDiagnostics.framework */,
				3403459925DFAE55006B77D5 /* FirebaseCrashlytics.framework */,
				349FBECA25DF32A40093B8D2 /* FirebaseDatabase.framework */,
				349FBECC25DF32A40093B8D2 /* FirebaseInstallations.framework */,
				3403455825DFA1B9006B77D5 /* FirebaseStorage.framework */,
				349FBECE25DF32A40093B8D2 /* GoogleDataTransport.framework */,
				349FBED025DF32A40093B8D2 /* GoogleUtilities.framework */,
				340344D025DF9221006B77D5 /* GTMAppAuth.framework */,
				349FBED225DF32A40093B8D2 /* GTMSessionFetcher.framework */,
				3403450D25DF9C5D006B77D5 /* InputBarAccessoryView.framework */,
				3403450F25DF9C5D006B77D5 /* JGProgressHUD.framework */,
				349FBED425DF32A40093B8D2 /* leveldb.framework */,
				3403451125DF9C5D006B77D5 /* MessageKit.framework */,
				3403451325DF9C5D006B77D5 /* MessageKit.bundle */,
				349FBED625DF32A40093B8D2 /* nanopb.framework */,
				349FBED825DF32A40093B8D2 /* Pods_Messenger.framework */,
				349FBEDA25DF32A40093B8D2 /* FBLPromises.framework */,
				345B97EA25E380F000A3C4D0 /* PRTween.framework */,
				3403451525DF9C5D006B77D5 /* Realm.framework */,
				3403451725DF9C5D006B77D5 /* RealmSwift.framework */,
				3403451925DF9C5D006B77D5 /* SDWebImage.framework */,
			);
			name = Products;
			sourceTree = "<group>";
		};
		34C2A3FD25D7B0930029A781 = {
			isa = PBXGroup;
			children = (
				34C2A40825D7B0930029A781 /* Messenger */,
				34C2A40725D7B0930029A781 /* Products */,
				1123C806775F00672A4B07F8 /* Pods */,
				0FAD8B666A7933D52CE72B93 /* Frameworks */,
			);
			sourceTree = "<group>";
		};
		34C2A40725D7B0930029A781 /* Products */ = {
			isa = PBXGroup;
			children = (
				34C2A40625D7B0930029A781 /* Messenger.app */,
			);
			name = Products;
			sourceTree = "<group>";
		};
		34C2A40825D7B0930029A781 /* Messenger */ = {
			isa = PBXGroup;
			children = (
				345B97EB25E3812F00A3C4D0 /* Objective-C Bridge */,
				349FBEAE25DF31960093B8D2 /* GoogleService-Info.plist */,
				345B97A125E372E200A3C4D0 /* Custom Views */,
				34C2A42225D7B0FD0029A781 /* Resources */,
				34C2A42025D7B0F20029A781 /* Models */,
				34C2A41F25D7B0ED0029A781 /* Views */,
				34C2A41E25D7B0E20029A781 /* Controllers */,
				34C2A41725D7B0940029A781 /* Info.plist */,
				345B97A625E37DCA00A3C4D0 /* RecordViewController.swift */,
			);
			path = Messenger;
			sourceTree = "<group>";
		};
		34C2A41E25D7B0E20029A781 /* Controllers */ = {
			isa = PBXGroup;
			children = (
				34C2A40D25D7B0930029A781 /* ConversationsViewController.swift */,
				34C2A43925D7B4950029A781 /* Login */,
				340344EF25DF9C5C006B77D5 /* ChatViewController.swift */,
				3403457925DFAE54006B77D5 /* LocationPickerViewController.swift */,
				34C2A43325D7B2AC0029A781 /* NewConversationViewController.swift */,
				34C2A42D25D7B2760029A781 /* PhotoViewerViewController.swift */,
				34C2A43625D7B2C10029A781 /* ProfileViewController.swift */,
				345B979325E371A400A3C4D0 /* MainViewController.swift */,
				345B979025E3713E00A3C4D0 /* RecordingsViewController.swift */,
				345B979625E371CC00A3C4D0 /* RecorderView */,
			);
			path = Controllers;
			sourceTree = "<group>";
		};
		34C2A41F25D7B0ED0029A781 /* Views */ = {
			isa = PBXGroup;
			children = (
				34C2A42325D7B1180029A781 /* Storyboards */,
				34C2A41225D7B0940029A781 /* Assets.xcassets */,
				3403459C25DFAFD6006B77D5 /* ConversationTableViewCell.swift */,
				3403459F25DFB045006B77D5 /* NewConversationCell.swift */,
			);
			path = Views;
			sourceTree = "<group>";
		};
		34C2A42025D7B0F20029A781 /* Models */ = {
			isa = PBXGroup;
			children = (
				340345A225DFB663006B77D5 /* ChatModels.swift */,
				340345A525DFB6D6006B77D5 /* ConversationsModels.swift */,
				340345A825DFB701006B77D5 /* ProfileViewModel.swift */,
				340345AB25DFB728006B77D5 /* SearchResult.swift */,
			);
			path = Models;
			sourceTree = "<group>";
		};
		34C2A42225D7B0FD0029A781 /* Resources */ = {
			isa = PBXGroup;
			children = (
				34C2A40925D7B0930029A781 /* AppDelegate.swift */,
				34C2A40B25D7B0930029A781 /* SceneDelegate.swift */,
				34C2A43C25D7C3620029A781 /* Extensions.swift */,
				3403447A25DF69DE006B77D5 /* DatabaseManager.swift */,
				3403453925DFA1B8006B77D5 /* StorageManager.swift */,
			);
			path = Resources;
			sourceTree = "<group>";
		};
		34C2A42325D7B1180029A781 /* Storyboards */ = {
			isa = PBXGroup;
			children = (
				34C2A40F25D7B0930029A781 /* Main.storyboard */,
				34C2A41425D7B0940029A781 /* LaunchScreen.storyboard */,
			);
			path = Storyboards;
			sourceTree = "<group>";
		};
		34C2A43925D7B4950029A781 /* Login */ = {
			isa = PBXGroup;
			children = (
				34C2A42625D7B2440029A781 /* LoginViewController.swift */,
				34C2A42A25D7B25B0029A781 /* RegisterViewController.swift */,
			);
			path = Login;
			sourceTree = "<group>";
		};
/* End PBXGroup section */

/* Begin PBXNativeTarget section */
		34C2A40525D7B0930029A781 /* Messenger */ = {
			isa = PBXNativeTarget;
			buildConfigurationList = 34C2A41A25D7B0940029A781 /* Build configuration list for PBXNativeTarget "Messenger" */;
			buildPhases = (
				FD53480E69AAEA87229294E1 /* [CP] Check Pods Manifest.lock */,
				34C2A40225D7B0930029A781 /* Sources */,
				34C2A40325D7B0930029A781 /* Frameworks */,
				34C2A40425D7B0930029A781 /* Resources */,
				FAA58EC3540A0037FFB7CD05 /* [CP] Embed Pods Frameworks */,
				6ACCE16D1F909F0A2B92CBB6 /* [CP] Copy Pods Resources */,
				340345AE25DFCF74006B77D5 /* ShellScript */,
			);
			buildRules = (
			);
			dependencies = (
			);
			name = Messenger;
			productName = Messenger;
			productReference = 34C2A40625D7B0930029A781 /* Messenger.app */;
			productType = "com.apple.product-type.application";
		};
/* End PBXNativeTarget section */

/* Begin PBXProject section */
		34C2A3FE25D7B0930029A781 /* Project object */ = {
			isa = PBXProject;
			attributes = {
				LastSwiftUpdateCheck = 1240;
				LastUpgradeCheck = 1240;
				TargetAttributes = {
					34C2A40525D7B0930029A781 = {
						CreatedOnToolsVersion = 12.4;
					};
				};
			};
			buildConfigurationList = 34C2A40125D7B0930029A781 /* Build configuration list for PBXProject "Messenger" */;
			compatibilityVersion = "Xcode 9.3";
			developmentRegion = en;
			hasScannedForEncodings = 0;
			knownRegions = (
				en,
				Base,
			);
			mainGroup = 34C2A3FD25D7B0930029A781;
			productRefGroup = 34C2A40725D7B0930029A781 /* Products */;
			projectDirPath = "";
			projectReferences = (
				{
					ProductGroup = 349FBEB225DF32A40093B8D2 /* Products */;
					ProjectRef = 349FBEB125DF32A40093B8D2 /* Pods.xcodeproj */;
				},
			);
			projectRoot = "";
			targets = (
				34C2A40525D7B0930029A781 /* Messenger */,
			);
		};
/* End PBXProject section */

/* Begin PBXReferenceProxy section */
		340344CA25DF9221006B77D5 /* AppAuth.framework */ = {
			isa = PBXReferenceProxy;
			fileType = wrapper.framework;
			path = AppAuth.framework;
			remoteRef = 340344C925DF9221006B77D5 /* PBXContainerItemProxy */;
			sourceTree = BUILT_PRODUCTS_DIR;
		};
		340344CC25DF9221006B77D5 /* FBSDKCoreKit.framework */ = {
			isa = PBXReferenceProxy;
			fileType = wrapper.framework;
			path = FBSDKCoreKit.framework;
			remoteRef = 340344CB25DF9221006B77D5 /* PBXContainerItemProxy */;
			sourceTree = BUILT_PRODUCTS_DIR;
		};
		340344CE25DF9221006B77D5 /* FBSDKLoginKit.framework */ = {
			isa = PBXReferenceProxy;
			fileType = wrapper.framework;
			path = FBSDKLoginKit.framework;
			remoteRef = 340344CD25DF9221006B77D5 /* PBXContainerItemProxy */;
			sourceTree = BUILT_PRODUCTS_DIR;
		};
		340344D025DF9221006B77D5 /* GTMAppAuth.framework */ = {
			isa = PBXReferenceProxy;
			fileType = wrapper.framework;
			path = GTMAppAuth.framework;
			remoteRef = 340344CF25DF9221006B77D5 /* PBXContainerItemProxy */;
			sourceTree = BUILT_PRODUCTS_DIR;
		};
		3403450D25DF9C5D006B77D5 /* InputBarAccessoryView.framework */ = {
			isa = PBXReferenceProxy;
			fileType = wrapper.framework;
			path = InputBarAccessoryView.framework;
			remoteRef = 3403450C25DF9C5D006B77D5 /* PBXContainerItemProxy */;
			sourceTree = BUILT_PRODUCTS_DIR;
		};
		3403450F25DF9C5D006B77D5 /* JGProgressHUD.framework */ = {
			isa = PBXReferenceProxy;
			fileType = wrapper.framework;
			path = JGProgressHUD.framework;
			remoteRef = 3403450E25DF9C5D006B77D5 /* PBXContainerItemProxy */;
			sourceTree = BUILT_PRODUCTS_DIR;
		};
		3403451125DF9C5D006B77D5 /* MessageKit.framework */ = {
			isa = PBXReferenceProxy;
			fileType = wrapper.framework;
			path = MessageKit.framework;
			remoteRef = 3403451025DF9C5D006B77D5 /* PBXContainerItemProxy */;
			sourceTree = BUILT_PRODUCTS_DIR;
		};
		3403451325DF9C5D006B77D5 /* MessageKit.bundle */ = {
			isa = PBXReferenceProxy;
			fileType = wrapper.cfbundle;
			path = MessageKit.bundle;
			remoteRef = 3403451225DF9C5D006B77D5 /* PBXContainerItemProxy */;
			sourceTree = BUILT_PRODUCTS_DIR;
		};
		3403451525DF9C5D006B77D5 /* Realm.framework */ = {
			isa = PBXReferenceProxy;
			fileType = wrapper.framework;
			path = Realm.framework;
			remoteRef = 3403451425DF9C5D006B77D5 /* PBXContainerItemProxy */;
			sourceTree = BUILT_PRODUCTS_DIR;
		};
		3403451725DF9C5D006B77D5 /* RealmSwift.framework */ = {
			isa = PBXReferenceProxy;
			fileType = wrapper.framework;
			path = RealmSwift.framework;
			remoteRef = 3403451625DF9C5D006B77D5 /* PBXContainerItemProxy */;
			sourceTree = BUILT_PRODUCTS_DIR;
		};
		3403451925DF9C5D006B77D5 /* SDWebImage.framework */ = {
			isa = PBXReferenceProxy;
			fileType = wrapper.framework;
			path = SDWebImage.framework;
			remoteRef = 3403451825DF9C5D006B77D5 /* PBXContainerItemProxy */;
			sourceTree = BUILT_PRODUCTS_DIR;
		};
		3403455825DFA1B9006B77D5 /* FirebaseStorage.framework */ = {
			isa = PBXReferenceProxy;
			fileType = wrapper.framework;
			path = FirebaseStorage.framework;
			remoteRef = 3403455725DFA1B9006B77D5 /* PBXContainerItemProxy */;
			sourceTree = BUILT_PRODUCTS_DIR;
		};
		3403459925DFAE55006B77D5 /* FirebaseCrashlytics.framework */ = {
			isa = PBXReferenceProxy;
			fileType = wrapper.framework;
			path = FirebaseCrashlytics.framework;
			remoteRef = 3403459825DFAE55006B77D5 /* PBXContainerItemProxy */;
			sourceTree = BUILT_PRODUCTS_DIR;
		};
		345B97EA25E380F000A3C4D0 /* PRTween.framework */ = {
			isa = PBXReferenceProxy;
			fileType = wrapper.framework;
			path = PRTween.framework;
			remoteRef = 345B97E925E380F000A3C4D0 /* PBXContainerItemProxy */;
			sourceTree = BUILT_PRODUCTS_DIR;
		};
		349FBEC425DF32A40093B8D2 /* FirebaseAuth.framework */ = {
			isa = PBXReferenceProxy;
			fileType = wrapper.framework;
			path = FirebaseAuth.framework;
			remoteRef = 349FBEC325DF32A40093B8D2 /* PBXContainerItemProxy */;
			sourceTree = BUILT_PRODUCTS_DIR;
		};
		349FBEC625DF32A40093B8D2 /* FirebaseCore.framework */ = {
			isa = PBXReferenceProxy;
			fileType = wrapper.framework;
			path = FirebaseCore.framework;
			remoteRef = 349FBEC525DF32A40093B8D2 /* PBXContainerItemProxy */;
			sourceTree = BUILT_PRODUCTS_DIR;
		};
		349FBEC825DF32A40093B8D2 /* FirebaseCoreDiagnostics.framework */ = {
			isa = PBXReferenceProxy;
			fileType = wrapper.framework;
			path = FirebaseCoreDiagnostics.framework;
			remoteRef = 349FBEC725DF32A40093B8D2 /* PBXContainerItemProxy */;
			sourceTree = BUILT_PRODUCTS_DIR;
		};
		349FBECA25DF32A40093B8D2 /* FirebaseDatabase.framework */ = {
			isa = PBXReferenceProxy;
			fileType = wrapper.framework;
			path = FirebaseDatabase.framework;
			remoteRef = 349FBEC925DF32A40093B8D2 /* PBXContainerItemProxy */;
			sourceTree = BUILT_PRODUCTS_DIR;
		};
		349FBECC25DF32A40093B8D2 /* FirebaseInstallations.framework */ = {
			isa = PBXReferenceProxy;
			fileType = wrapper.framework;
			path = FirebaseInstallations.framework;
			remoteRef = 349FBECB25DF32A40093B8D2 /* PBXContainerItemProxy */;
			sourceTree = BUILT_PRODUCTS_DIR;
		};
		349FBECE25DF32A40093B8D2 /* GoogleDataTransport.framework */ = {
			isa = PBXReferenceProxy;
			fileType = wrapper.framework;
			path = GoogleDataTransport.framework;
			remoteRef = 349FBECD25DF32A40093B8D2 /* PBXContainerItemProxy */;
			sourceTree = BUILT_PRODUCTS_DIR;
		};
		349FBED025DF32A40093B8D2 /* GoogleUtilities.framework */ = {
			isa = PBXReferenceProxy;
			fileType = wrapper.framework;
			path = GoogleUtilities.framework;
			remoteRef = 349FBECF25DF32A40093B8D2 /* PBXContainerItemProxy */;
			sourceTree = BUILT_PRODUCTS_DIR;
		};
		349FBED225DF32A40093B8D2 /* GTMSessionFetcher.framework */ = {
			isa = PBXReferenceProxy;
			fileType = wrapper.framework;
			path = GTMSessionFetcher.framework;
			remoteRef = 349FBED125DF32A40093B8D2 /* PBXContainerItemProxy */;
			sourceTree = BUILT_PRODUCTS_DIR;
		};
		349FBED425DF32A40093B8D2 /* leveldb.framework */ = {
			isa = PBXReferenceProxy;
			fileType = wrapper.framework;
			path = leveldb.framework;
			remoteRef = 349FBED325DF32A40093B8D2 /* PBXContainerItemProxy */;
			sourceTree = BUILT_PRODUCTS_DIR;
		};
		349FBED625DF32A40093B8D2 /* nanopb.framework */ = {
			isa = PBXReferenceProxy;
			fileType = wrapper.framework;
			path = nanopb.framework;
			remoteRef = 349FBED525DF32A40093B8D2 /* PBXContainerItemProxy */;
			sourceTree = BUILT_PRODUCTS_DIR;
		};
		349FBED825DF32A40093B8D2 /* Pods_Messenger.framework */ = {
			isa = PBXReferenceProxy;
			fileType = wrapper.framework;
			path = Pods_Messenger.framework;
			remoteRef = 349FBED725DF32A40093B8D2 /* PBXContainerItemProxy */;
			sourceTree = BUILT_PRODUCTS_DIR;
		};
		349FBEDA25DF32A40093B8D2 /* FBLPromises.framework */ = {
			isa = PBXReferenceProxy;
			fileType = wrapper.framework;
			path = FBLPromises.framework;
			remoteRef = 349FBED925DF32A40093B8D2 /* PBXContainerItemProxy */;
			sourceTree = BUILT_PRODUCTS_DIR;
		};
/* End PBXReferenceProxy section */

/* Begin PBXResourcesBuildPhase section */
		34C2A40425D7B0930029A781 /* Resources */ = {
			isa = PBXResourcesBuildPhase;
			buildActionMask = 2147483647;
			files = (
				34C2A41625D7B0940029A781 /* LaunchScreen.storyboard in Resources */,
				349FBEAF25DF31960093B8D2 /* GoogleService-Info.plist in Resources */,
				34C2A41325D7B0940029A781 /* Assets.xcassets in Resources */,
				34C2A41125D7B0930029A781 /* Main.storyboard in Resources */,
			);
			runOnlyForDeploymentPostprocessing = 0;
		};
/* End PBXResourcesBuildPhase section */

/* Begin PBXShellScriptBuildPhase section */
		340345AE25DFCF74006B77D5 /* ShellScript */ = {
			isa = PBXShellScriptBuildPhase;
			buildActionMask = 2147483647;
			files = (
			);
			inputFileListPaths = (
			);
			inputPaths = (
			);
			outputFileListPaths = (
			);
			outputPaths = (
			);
			runOnlyForDeploymentPostprocessing = 0;
			shellPath = /bin/sh;
			shellScript = "\"${PODS_ROOT}/FirebaseCrashlytics/run\"\n";
		};
		6ACCE16D1F909F0A2B92CBB6 /* [CP] Copy Pods Resources */ = {
			isa = PBXShellScriptBuildPhase;
			buildActionMask = 2147483647;
			files = (
			);
			inputFileListPaths = (
				"${PODS_ROOT}/Target Support Files/Pods-Messenger/Pods-Messenger-resources-${CONFIGURATION}-input-files.xcfilelist",
			);
			name = "[CP] Copy Pods Resources";
			outputFileListPaths = (
				"${PODS_ROOT}/Target Support Files/Pods-Messenger/Pods-Messenger-resources-${CONFIGURATION}-output-files.xcfilelist",
			);
			runOnlyForDeploymentPostprocessing = 0;
			shellPath = /bin/sh;
			shellScript = "\"${PODS_ROOT}/Target Support Files/Pods-Messenger/Pods-Messenger-resources.sh\"\n";
			showEnvVarsInLog = 0;
		};
		FAA58EC3540A0037FFB7CD05 /* [CP] Embed Pods Frameworks */ = {
			isa = PBXShellScriptBuildPhase;
			buildActionMask = 2147483647;
			files = (
			);
			inputFileListPaths = (
				"${PODS_ROOT}/Target Support Files/Pods-Messenger/Pods-Messenger-frameworks-${CONFIGURATION}-input-files.xcfilelist",
			);
			name = "[CP] Embed Pods Frameworks";
			outputFileListPaths = (
				"${PODS_ROOT}/Target Support Files/Pods-Messenger/Pods-Messenger-frameworks-${CONFIGURATION}-output-files.xcfilelist",
			);
			runOnlyForDeploymentPostprocessing = 0;
			shellPath = /bin/sh;
			shellScript = "\"${PODS_ROOT}/Target Support Files/Pods-Messenger/Pods-Messenger-frameworks.sh\"\n";
			showEnvVarsInLog = 0;
		};
		FD53480E69AAEA87229294E1 /* [CP] Check Pods Manifest.lock */ = {
			isa = PBXShellScriptBuildPhase;
			buildActionMask = 2147483647;
			files = (
			);
			inputFileListPaths = (
			);
			inputPaths = (
				"${PODS_PODFILE_DIR_PATH}/Podfile.lock",
				"${PODS_ROOT}/Manifest.lock",
			);
			name = "[CP] Check Pods Manifest.lock";
			outputFileListPaths = (
			);
			outputPaths = (
				"$(DERIVED_FILE_DIR)/Pods-Messenger-checkManifestLockResult.txt",
			);
			runOnlyForDeploymentPostprocessing = 0;
			shellPath = /bin/sh;
			shellScript = "diff \"${PODS_PODFILE_DIR_PATH}/Podfile.lock\" \"${PODS_ROOT}/Manifest.lock\" > /dev/null\nif [ $? != 0 ] ; then\n    # print error to STDERR\n    echo \"error: The sandbox is not in sync with the Podfile.lock. Run 'pod install' or update your CocoaPods installation.\" >&2\n    exit 1\nfi\n# This output is used by Xcode 'outputs' to avoid re-running this script phase.\necho \"SUCCESS\" > \"${SCRIPT_OUTPUT_FILE_0}\"\n";
			showEnvVarsInLog = 0;
		};
/* End PBXShellScriptBuildPhase section */

/* Begin PBXSourcesBuildPhase section */
		34C2A40225D7B0930029A781 /* Sources */ = {
			isa = PBXSourcesBuildPhase;
			buildActionMask = 2147483647;
			files = (
				345B979425E371A400A3C4D0 /* MainViewController.swift in Sources */,
				34C2A42725D7B2440029A781 /* LoginViewController.swift in Sources */,
				340345A025DFB045006B77D5 /* NewConversationCell.swift in Sources */,
				3403457A25DFAE54006B77D5 /* LocationPickerViewController.swift in Sources */,
				345B979825E371F700A3C4D0 /* RecorderViewController.swift in Sources */,
				3403447B25DF69DE006B77D5 /* DatabaseManager.swift in Sources */,
				345B97A325E3732200A3C4D0 /* AudioVisualizerView.swift in Sources */,
				345B979C25E3724700A3C4D0 /* RecordingButton.swift in Sources */,
				345B979125E3713E00A3C4D0 /* RecordingsViewController.swift in Sources */,
				34C2A42B25D7B25B0029A781 /* RegisterViewController.swift in Sources */,
				34C2A43425D7B2AD0029A781 /* NewConversationViewController.swift in Sources */,
				34C2A40E25D7B0930029A781 /* ConversationsViewController.swift in Sources */,
				345B979F25E3726800A3C4D0 /* RecordButtonKit.swift in Sources */,
				34C2A43D25D7C3620029A781 /* Extensions.swift in Sources */,
				34C2A40A25D7B0930029A781 /* AppDelegate.swift in Sources */,
				340345AC25DFB728006B77D5 /* SearchResult.swift in Sources */,
				34C2A43725D7B2C10029A781 /* ProfileViewController.swift in Sources */,
				34C2A40C25D7B0930029A781 /* SceneDelegate.swift in Sources */,
				3403459D25DFAFD6006B77D5 /* ConversationTableViewCell.swift in Sources */,
				340345A925DFB701006B77D5 /* ProfileViewModel.swift in Sources */,
				340344F025DF9C5D006B77D5 /* ChatViewController.swift in Sources */,
				34C2A42E25D7B2760029A781 /* PhotoViewerViewController.swift in Sources */,
				3403453A25DFA1B8006B77D5 /* StorageManager.swift in Sources */,
				345B97A725E37DCA00A3C4D0 /* RecordViewController.swift in Sources */,
				340345A625DFB6D6006B77D5 /* ConversationsModels.swift in Sources */,
				340345A325DFB663006B77D5 /* ChatModels.swift in Sources */,
			);
			runOnlyForDeploymentPostprocessing = 0;
		};
/* End PBXSourcesBuildPhase section */

/* Begin PBXVariantGroup section */
		34C2A40F25D7B0930029A781 /* Main.storyboard */ = {
			isa = PBXVariantGroup;
			children = (
				34C2A41025D7B0930029A781 /* Base */,
			);
			name = Main.storyboard;
			sourceTree = "<group>";
		};
		34C2A41425D7B0940029A781 /* LaunchScreen.storyboard */ = {
			isa = PBXVariantGroup;
			children = (
				34C2A41525D7B0940029A781 /* Base */,
			);
			name = LaunchScreen.storyboard;
			sourceTree = "<group>";
		};
/* End PBXVariantGroup section */

/* Begin XCBuildConfiguration section */
		34C2A41825D7B0940029A781 /* Debug */ = {
			isa = XCBuildConfiguration;
			buildSettings = {
				ALWAYS_SEARCH_USER_PATHS = NO;
				CLANG_ANALYZER_NONNULL = YES;
				CLANG_ANALYZER_NUMBER_OBJECT_CONVERSION = YES_AGGRESSIVE;
				CLANG_CXX_LANGUAGE_STANDARD = "gnu++14";
				CLANG_CXX_LIBRARY = "libc++";
				CLANG_ENABLE_MODULES = YES;
				CLANG_ENABLE_OBJC_ARC = YES;
				CLANG_ENABLE_OBJC_WEAK = YES;
				CLANG_WARN_BLOCK_CAPTURE_AUTORELEASING = YES;
				CLANG_WARN_BOOL_CONVERSION = YES;
				CLANG_WARN_COMMA = YES;
				CLANG_WARN_CONSTANT_CONVERSION = YES;
				CLANG_WARN_DEPRECATED_OBJC_IMPLEMENTATIONS = YES;
				CLANG_WARN_DIRECT_OBJC_ISA_USAGE = YES_ERROR;
				CLANG_WARN_DOCUMENTATION_COMMENTS = YES;
				CLANG_WARN_EMPTY_BODY = YES;
				CLANG_WARN_ENUM_CONVERSION = YES;
				CLANG_WARN_INFINITE_RECURSION = YES;
				CLANG_WARN_INT_CONVERSION = YES;
				CLANG_WARN_NON_LITERAL_NULL_CONVERSION = YES;
				CLANG_WARN_OBJC_IMPLICIT_RETAIN_SELF = YES;
				CLANG_WARN_OBJC_LITERAL_CONVERSION = YES;
				CLANG_WARN_OBJC_ROOT_CLASS = YES_ERROR;
				CLANG_WARN_QUOTED_INCLUDE_IN_FRAMEWORK_HEADER = YES;
				CLANG_WARN_RANGE_LOOP_ANALYSIS = YES;
				CLANG_WARN_STRICT_PROTOTYPES = YES;
				CLANG_WARN_SUSPICIOUS_MOVE = YES;
				CLANG_WARN_UNGUARDED_AVAILABILITY = YES_AGGRESSIVE;
				CLANG_WARN_UNREACHABLE_CODE = YES;
				CLANG_WARN__DUPLICATE_METHOD_MATCH = YES;
				COPY_PHASE_STRIP = NO;
				DEBUG_INFORMATION_FORMAT = dwarf;
				ENABLE_STRICT_OBJC_MSGSEND = YES;
				ENABLE_TESTABILITY = YES;
				GCC_C_LANGUAGE_STANDARD = gnu11;
				GCC_DYNAMIC_NO_PIC = NO;
				GCC_NO_COMMON_BLOCKS = YES;
				GCC_OPTIMIZATION_LEVEL = 0;
				GCC_PREPROCESSOR_DEFINITIONS = (
					"DEBUG=1",
					"$(inherited)",
				);
				GCC_WARN_64_TO_32_BIT_CONVERSION = YES;
				GCC_WARN_ABOUT_RETURN_TYPE = YES_ERROR;
				GCC_WARN_UNDECLARED_SELECTOR = YES;
				GCC_WARN_UNINITIALIZED_AUTOS = YES_AGGRESSIVE;
				GCC_WARN_UNUSED_FUNCTION = YES;
				GCC_WARN_UNUSED_VARIABLE = YES;
				IPHONEOS_DEPLOYMENT_TARGET = 14.4;
				MTL_ENABLE_DEBUG_INFO = INCLUDE_SOURCE;
				MTL_FAST_MATH = YES;
				ONLY_ACTIVE_ARCH = YES;
				SDKROOT = iphoneos;
				SWIFT_ACTIVE_COMPILATION_CONDITIONS = DEBUG;
				SWIFT_OPTIMIZATION_LEVEL = "-Onone";
			};
			name = Debug;
		};
		34C2A41925D7B0940029A781 /* Release */ = {
			isa = XCBuildConfiguration;
			buildSettings = {
				ALWAYS_SEARCH_USER_PATHS = NO;
				CLANG_ANALYZER_NONNULL = YES;
				CLANG_ANALYZER_NUMBER_OBJECT_CONVERSION = YES_AGGRESSIVE;
				CLANG_CXX_LANGUAGE_STANDARD = "gnu++14";
				CLANG_CXX_LIBRARY = "libc++";
				CLANG_ENABLE_MODULES = YES;
				CLANG_ENABLE_OBJC_ARC = YES;
				CLANG_ENABLE_OBJC_WEAK = YES;
				CLANG_WARN_BLOCK_CAPTURE_AUTORELEASING = YES;
				CLANG_WARN_BOOL_CONVERSION = YES;
				CLANG_WARN_COMMA = YES;
				CLANG_WARN_CONSTANT_CONVERSION = YES;
				CLANG_WARN_DEPRECATED_OBJC_IMPLEMENTATIONS = YES;
				CLANG_WARN_DIRECT_OBJC_ISA_USAGE = YES_ERROR;
				CLANG_WARN_DOCUMENTATION_COMMENTS = YES;
				CLANG_WARN_EMPTY_BODY = YES;
				CLANG_WARN_ENUM_CONVERSION = YES;
				CLANG_WARN_INFINITE_RECURSION = YES;
				CLANG_WARN_INT_CONVERSION = YES;
				CLANG_WARN_NON_LITERAL_NULL_CONVERSION = YES;
				CLANG_WARN_OBJC_IMPLICIT_RETAIN_SELF = YES;
				CLANG_WARN_OBJC_LITERAL_CONVERSION = YES;
				CLANG_WARN_OBJC_ROOT_CLASS = YES_ERROR;
				CLANG_WARN_QUOTED_INCLUDE_IN_FRAMEWORK_HEADER = YES;
				CLANG_WARN_RANGE_LOOP_ANALYSIS = YES;
				CLANG_WARN_STRICT_PROTOTYPES = YES;
				CLANG_WARN_SUSPICIOUS_MOVE = YES;
				CLANG_WARN_UNGUARDED_AVAILABILITY = YES_AGGRESSIVE;
				CLANG_WARN_UNREACHABLE_CODE = YES;
				CLANG_WARN__DUPLICATE_METHOD_MATCH = YES;
				COPY_PHASE_STRIP = NO;
				DEBUG_INFORMATION_FORMAT = "dwarf-with-dsym";
				ENABLE_NS_ASSERTIONS = NO;
				ENABLE_STRICT_OBJC_MSGSEND = YES;
				GCC_C_LANGUAGE_STANDARD = gnu11;
				GCC_NO_COMMON_BLOCKS = YES;
				GCC_WARN_64_TO_32_BIT_CONVERSION = YES;
				GCC_WARN_ABOUT_RETURN_TYPE = YES_ERROR;
				GCC_WARN_UNDECLARED_SELECTOR = YES;
				GCC_WARN_UNINITIALIZED_AUTOS = YES_AGGRESSIVE;
				GCC_WARN_UNUSED_FUNCTION = YES;
				GCC_WARN_UNUSED_VARIABLE = YES;
				IPHONEOS_DEPLOYMENT_TARGET = 14.4;
				MTL_ENABLE_DEBUG_INFO = NO;
				MTL_FAST_MATH = YES;
				SDKROOT = iphoneos;
				SWIFT_COMPILATION_MODE = wholemodule;
				SWIFT_OPTIMIZATION_LEVEL = "-O";
				VALIDATE_PRODUCT = YES;
			};
			name = Release;
		};
		34C2A41B25D7B0940029A781 /* Debug */ = {
			isa = XCBuildConfiguration;
			baseConfigurationReference = 3A0912A8A5D23F36D925266C /* Pods-Messenger.debug.xcconfig */;
			buildSettings = {
				ASSETCATALOG_COMPILER_APPICON_NAME = AppIcon;
				ASSETCATALOG_COMPILER_GLOBAL_ACCENT_COLOR_NAME = AccentColor;
				CODE_SIGN_STYLE = Automatic;
				DEVELOPMENT_TEAM = 8L84KC24CA;
				INFOPLIST_FILE = Messenger/Info.plist;
				LD_RUNPATH_SEARCH_PATHS = (
					"$(inherited)",
					"@executable_path/Frameworks",
				);
				PRODUCT_BUNDLE_IDENTIFIER = Untalan.Messenger;
				PRODUCT_NAME = "$(TARGET_NAME)";
				SWIFT_OBJC_BRIDGING_HEADER = "Messenger/Objective-C Bridge/Messenger-Bridging-header.h";
				SWIFT_VERSION = 5.0;
				TARGETED_DEVICE_FAMILY = "1,2";
			};
			name = Debug;
		};
		34C2A41C25D7B0940029A781 /* Release */ = {
			isa = XCBuildConfiguration;
			baseConfigurationReference = 40D9928E08C312BDD0724EE6 /* Pods-Messenger.release.xcconfig */;
			buildSettings = {
				ASSETCATALOG_COMPILER_APPICON_NAME = AppIcon;
				ASSETCATALOG_COMPILER_GLOBAL_ACCENT_COLOR_NAME = AccentColor;
				CODE_SIGN_STYLE = Automatic;
				DEVELOPMENT_TEAM = 8L84KC24CA;
				INFOPLIST_FILE = Messenger/Info.plist;
				LD_RUNPATH_SEARCH_PATHS = (
					"$(inherited)",
					"@executable_path/Frameworks",
				);
				PRODUCT_BUNDLE_IDENTIFIER = Untalan.Messenger;
				PRODUCT_NAME = "$(TARGET_NAME)";
				SWIFT_OBJC_BRIDGING_HEADER = "Messenger/Objective-C Bridge/Messenger-Bridging-header.h";
				SWIFT_VERSION = 5.0;
				TARGETED_DEVICE_FAMILY = "1,2";
			};
			name = Release;
		};
/* End XCBuildConfiguration section */

/* Begin XCConfigurationList section */
		34C2A40125D7B0930029A781 /* Build configuration list for PBXProject "Messenger" */ = {
			isa = XCConfigurationList;
			buildConfigurations = (
				34C2A41825D7B0940029A781 /* Debug */,
				34C2A41925D7B0940029A781 /* Release */,
			);
			defaultConfigurationIsVisible = 0;
			defaultConfigurationName = Release;
		};
		34C2A41A25D7B0940029A781 /* Build configuration list for PBXNativeTarget "Messenger" */ = {
			isa = XCConfigurationList;
			buildConfigurations = (
				34C2A41B25D7B0940029A781 /* Debug */,
				34C2A41C25D7B0940029A781 /* Release */,
			);
			defaultConfigurationIsVisible = 0;
			defaultConfigurationName = Release;
		};
/* End XCConfigurationList section */
	};
	rootObject = 34C2A3FE25D7B0930029A781 /* Project object */;
}
